// !$*UTF8*$!
{
	archiveVersion = 1;
	classes = {
	};
	objectVersion = 56;
	objects = {

/* Begin PBXBuildFile section */
		DB642AB92BB4E43000FF8282 /* AppDelegate.swift in Sources */ = {isa = PBXBuildFile; fileRef = DB642AB82BB4E43000FF8282 /* AppDelegate.swift */; };
		DB642ABB2BB4E43000FF8282 /* SceneDelegate.swift in Sources */ = {isa = PBXBuildFile; fileRef = DB642ABA2BB4E43000FF8282 /* SceneDelegate.swift */; };
		DB642ABD2BB4E43000FF8282 /* ViewController.swift in Sources */ = {isa = PBXBuildFile; fileRef = DB642ABC2BB4E43000FF8282 /* ViewController.swift */; };
		DB642AC02BB4E43000FF8282 /* Base in Resources */ = {isa = PBXBuildFile; fileRef = DB642ABF2BB4E43000FF8282 /* Base */; };
		DB642AC22BB4E43200FF8282 /* Assets.xcassets in Resources */ = {isa = PBXBuildFile; fileRef = DB642AC12BB4E43200FF8282 /* Assets.xcassets */; };
		DB642AC52BB4E43200FF8282 /* Base in Resources */ = {isa = PBXBuildFile; fileRef = DB642AC42BB4E43200FF8282 /* Base */; };
		DB642AD02BB4E43200FF8282 /* HW1_Hello_iOSTests.swift in Sources */ = {isa = PBXBuildFile; fileRef = DB642ACF2BB4E43200FF8282 /* HW1_Hello_iOSTests.swift */; };
		DB642ADA2BB4E43200FF8282 /* HW1_Hello_iOSUITests.swift in Sources */ = {isa = PBXBuildFile; fileRef = DB642AD92BB4E43200FF8282 /* HW1_Hello_iOSUITests.swift */; };
		DB642ADC2BB4E43200FF8282 /* HW1_Hello_iOSUITestsLaunchTests.swift in Sources */ = {isa = PBXBuildFile; fileRef = DB642ADB2BB4E43200FF8282 /* HW1_Hello_iOSUITestsLaunchTests.swift */; };
/* End PBXBuildFile section */

/* Begin PBXContainerItemProxy section */
		DB642ACC2BB4E43200FF8282 /* PBXContainerItemProxy */ = {
			isa = PBXContainerItemProxy;
			containerPortal = DB642AAD2BB4E43000FF8282 /* Project object */;
			proxyType = 1;
			remoteGlobalIDString = DB642AB42BB4E43000FF8282;
			remoteInfo = "HW1-Hello-iOS";
		};
		DB642AD62BB4E43200FF8282 /* PBXContainerItemProxy */ = {
			isa = PBXContainerItemProxy;
			containerPortal = DB642AAD2BB4E43000FF8282 /* Project object */;
			proxyType = 1;
			remoteGlobalIDString = DB642AB42BB4E43000FF8282;
			remoteInfo = "HW1-Hello-iOS";
		};
/* End PBXContainerItemProxy section */

/* Begin PBXFileReference section */
		DB642AB52BB4E43000FF8282 /* HW1-Hello-iOS.app */ = {isa = PBXFileReference; explicitFileType = wrapper.application; includeInIndex = 0; path = "HW1-Hello-iOS.app"; sourceTree = BUILT_PRODUCTS_DIR; };
		DB642AB82BB4E43000FF8282 /* AppDelegate.swift */ = {isa = PBXFileReference; lastKnownFileType = sourcecode.swift; path = AppDelegate.swift; sourceTree = "<group>"; };
		DB642ABA2BB4E43000FF8282 /* SceneDelegate.swift */ = {isa = PBXFileReference; lastKnownFileType = sourcecode.swift; path = SceneDelegate.swift; sourceTree = "<group>"; };
		DB642ABC2BB4E43000FF8282 /* ViewController.swift */ = {isa = PBXFileReference; lastKnownFileType = sourcecode.swift; path = ViewController.swift; sourceTree = "<group>"; };
		DB642ABF2BB4E43000FF8282 /* Base */ = {isa = PBXFileReference; lastKnownFileType = file.storyboard; name = Base; path = Base.lproj/Main.storyboard; sourceTree = "<group>"; };
		DB642AC12BB4E43200FF8282 /* Assets.xcassets */ = {isa = PBXFileReference; lastKnownFileType = folder.assetcatalog; path = Assets.xcassets; sourceTree = "<group>"; };
		DB642AC42BB4E43200FF8282 /* Base */ = {isa = PBXFileReference; lastKnownFileType = file.storyboard; name = Base; path = Base.lproj/LaunchScreen.storyboard; sourceTree = "<group>"; };
		DB642AC62BB4E43200FF8282 /* Info.plist */ = {isa = PBXFileReference; lastKnownFileType = text.plist.xml; path = Info.plist; sourceTree = "<group>"; };
		DB642ACB2BB4E43200FF8282 /* HW1-Hello-iOSTests.xctest */ = {isa = PBXFileReference; explicitFileType = wrapper.cfbundle; includeInIndex = 0; path = "HW1-Hello-iOSTests.xctest"; sourceTree = BUILT_PRODUCTS_DIR; };
		DB642ACF2BB4E43200FF8282 /* HW1_Hello_iOSTests.swift */ = {isa = PBXFileReference; lastKnownFileType = sourcecode.swift; path = HW1_Hello_iOSTests.swift; sourceTree = "<group>"; };
		DB642AD52BB4E43200FF8282 /* HW1-Hello-iOSUITests.xctest */ = {isa = PBXFileReference; explicitFileType = wrapper.cfbundle; includeInIndex = 0; path = "HW1-Hello-iOSUITests.xctest"; sourceTree = BUILT_PRODUCTS_DIR; };
		DB642AD92BB4E43200FF8282 /* HW1_Hello_iOSUITests.swift */ = {isa = PBXFileReference; lastKnownFileType = sourcecode.swift; path = HW1_Hello_iOSUITests.swift; sourceTree = "<group>"; };
		DB642ADB2BB4E43200FF8282 /* HW1_Hello_iOSUITestsLaunchTests.swift */ = {isa = PBXFileReference; lastKnownFileType = sourcecode.swift; path = HW1_Hello_iOSUITestsLaunchTests.swift; sourceTree = "<group>"; };
/* End PBXFileReference section */

/* Begin PBXFrameworksBuildPhase section */
		DB642AB22BB4E43000FF8282 /* Frameworks */ = {
			isa = PBXFrameworksBuildPhase;
			buildActionMask = 2147483647;
			files = (
			);
			runOnlyForDeploymentPostprocessing = 0;
		};
		DB642AC82BB4E43200FF8282 /* Frameworks */ = {
			isa = PBXFrameworksBuildPhase;
			buildActionMask = 2147483647;
			files = (
			);
			runOnlyForDeploymentPostprocessing = 0;
		};
		DB642AD22BB4E43200FF8282 /* Frameworks */ = {
			isa = PBXFrameworksBuildPhase;
			buildActionMask = 2147483647;
			files = (
			);
			runOnlyForDeploymentPostprocessing = 0;
		};
/* End PBXFrameworksBuildPhase section */

/* Begin PBXGroup section */
		DB642AAC2BB4E43000FF8282 = {
			isa = PBXGroup;
			children = (
				DB642AB72BB4E43000FF8282 /* HW1-Hello-iOS */,
				DB642ACE2BB4E43200FF8282 /* HW1-Hello-iOSTests */,
				DB642AD82BB4E43200FF8282 /* HW1-Hello-iOSUITests */,
				DB642AB62BB4E43000FF8282 /* Products */,
			);
			sourceTree = "<group>";
		};
		DB642AB62BB4E43000FF8282 /* Products */ = {
			isa = PBXGroup;
			children = (
				DB642AB52BB4E43000FF8282 /* HW1-Hello-iOS.app */,
				DB642ACB2BB4E43200FF8282 /* HW1-Hello-iOSTests.xctest */,
				DB642AD52BB4E43200FF8282 /* HW1-Hello-iOSUITests.xctest */,
			);
			name = Products;
			sourceTree = "<group>";
		};
		DB642AB72BB4E43000FF8282 /* HW1-Hello-iOS */ = {
			isa = PBXGroup;
			children = (
				DB642AB82BB4E43000FF8282 /* AppDelegate.swift */,
				DB642ABA2BB4E43000FF8282 /* SceneDelegate.swift */,
				DB642ABC2BB4E43000FF8282 /* ViewController.swift */,
				DB642ABE2BB4E43000FF8282 /* Main.storyboard */,
				DB642AC12BB4E43200FF8282 /* Assets.xcassets */,
				DB642AC32BB4E43200FF8282 /* LaunchScreen.storyboard */,
				DB642AC62BB4E43200FF8282 /* Info.plist */,
			);
			path = "HW1-Hello-iOS";
			sourceTree = "<group>";
		};
		DB642ACE2BB4E43200FF8282 /* HW1-Hello-iOSTests */ = {
			isa = PBXGroup;
			children = (
				DB642ACF2BB4E43200FF8282 /* HW1_Hello_iOSTests.swift */,
			);
			path = "HW1-Hello-iOSTests";
			sourceTree = "<group>";
		};
		DB642AD82BB4E43200FF8282 /* HW1-Hello-iOSUITests */ = {
			isa = PBXGroup;
			children = (
				DB642AD92BB4E43200FF8282 /* HW1_Hello_iOSUITests.swift */,
				DB642ADB2BB4E43200FF8282 /* HW1_Hello_iOSUITestsLaunchTests.swift */,
			);
			path = "HW1-Hello-iOSUITests";
			sourceTree = "<group>";
		};
/* End PBXGroup section */

/* Begin PBXNativeTarget section */
		DB642AB42BB4E43000FF8282 /* HW1-Hello-iOS */ = {
			isa = PBXNativeTarget;
			buildConfigurationList = DB642ADF2BB4E43200FF8282 /* Build configuration list for PBXNativeTarget "HW1-Hello-iOS" */;
			buildPhases = (
				DB642AB12BB4E43000FF8282 /* Sources */,
				DB642AB22BB4E43000FF8282 /* Frameworks */,
				DB642AB32BB4E43000FF8282 /* Resources */,
			);
			buildRules = (
			);
			dependencies = (
			);
			name = "HW1-Hello-iOS";
			productName = "HW1-Hello-iOS";
			productReference = DB642AB52BB4E43000FF8282 /* HW1-Hello-iOS.app */;
			productType = "com.apple.product-type.application";
		};
		DB642ACA2BB4E43200FF8282 /* HW1-Hello-iOSTests */ = {
			isa = PBXNativeTarget;
			buildConfigurationList = DB642AE22BB4E43200FF8282 /* Build configuration list for PBXNativeTarget "HW1-Hello-iOSTests" */;
			buildPhases = (
				DB642AC72BB4E43200FF8282 /* Sources */,
				DB642AC82BB4E43200FF8282 /* Frameworks */,
				DB642AC92BB4E43200FF8282 /* Resources */,
			);
			buildRules = (
			);
			dependencies = (
				DB642ACD2BB4E43200FF8282 /* PBXTargetDependency */,
			);
			name = "HW1-Hello-iOSTests";
			productName = "HW1-Hello-iOSTests";
			productReference = DB642ACB2BB4E43200FF8282 /* HW1-Hello-iOSTests.xctest */;
			productType = "com.apple.product-type.bundle.unit-test";
		};
		DB642AD42BB4E43200FF8282 /* HW1-Hello-iOSUITests */ = {
			isa = PBXNativeTarget;
			buildConfigurationList = DB642AE52BB4E43200FF8282 /* Build configuration list for PBXNativeTarget "HW1-Hello-iOSUITests" */;
			buildPhases = (
				DB642AD12BB4E43200FF8282 /* Sources */,
				DB642AD22BB4E43200FF8282 /* Frameworks */,
				DB642AD32BB4E43200FF8282 /* Resources */,
			);
			buildRules = (
			);
			dependencies = (
				DB642AD72BB4E43200FF8282 /* PBXTargetDependency */,
			);
			name = "HW1-Hello-iOSUITests";
			productName = "HW1-Hello-iOSUITests";
			productReference = DB642AD52BB4E43200FF8282 /* HW1-Hello-iOSUITests.xctest */;
			productType = "com.apple.product-type.bundle.ui-testing";
		};
/* End PBXNativeTarget section */

/* Begin PBXProject section */
		DB642AAD2BB4E43000FF8282 /* Project object */ = {
			isa = PBXProject;
			attributes = {
				BuildIndependentTargetsInParallel = 1;
				LastSwiftUpdateCheck = 1530;
				LastUpgradeCheck = 1530;
				TargetAttributes = {
					DB642AB42BB4E43000FF8282 = {
						CreatedOnToolsVersion = 15.3;
					};
					DB642ACA2BB4E43200FF8282 = {
						CreatedOnToolsVersion = 15.3;
						TestTargetID = DB642AB42BB4E43000FF8282;
					};
					DB642AD42BB4E43200FF8282 = {
						CreatedOnToolsVersion = 15.3;
						TestTargetID = DB642AB42BB4E43000FF8282;
					};
				};
			};
			buildConfigurationList = DB642AB02BB4E43000FF8282 /* Build configuration list for PBXProject "HW1-Hello-iOS" */;
			compatibilityVersion = "Xcode 14.0";
			developmentRegion = en;
			hasScannedForEncodings = 0;
			knownRegions = (
				en,
				Base,
			);
			mainGroup = DB642AAC2BB4E43000FF8282;
			productRefGroup = DB642AB62BB4E43000FF8282 /* Products */;
			projectDirPath = "";
			projectRoot = "";
			targets = (
				DB642AB42BB4E43000FF8282 /* HW1-Hello-iOS */,
				DB642ACA2BB4E43200FF8282 /* HW1-Hello-iOSTests */,
				DB642AD42BB4E43200FF8282 /* HW1-Hello-iOSUITests */,
			);
		};
/* End PBXProject section */

/* Begin PBXResourcesBuildPhase section */
		DB642AB32BB4E43000FF8282 /* Resources */ = {
			isa = PBXResourcesBuildPhase;
			buildActionMask = 2147483647;
			files = (
				DB642AC22BB4E43200FF8282 /* Assets.xcassets in Resources */,
				DB642AC52BB4E43200FF8282 /* Base in Resources */,
				DB642AC02BB4E43000FF8282 /* Base in Resources */,
			);
			runOnlyForDeploymentPostprocessing = 0;
		};
		DB642AC92BB4E43200FF8282 /* Resources */ = {
			isa = PBXResourcesBuildPhase;
			buildActionMask = 2147483647;
			files = (
			);
			runOnlyForDeploymentPostprocessing = 0;
		};
		DB642AD32BB4E43200FF8282 /* Resources */ = {
			isa = PBXResourcesBuildPhase;
			buildActionMask = 2147483647;
			files = (
			);
			runOnlyForDeploymentPostprocessing = 0;
		};
/* End PBXResourcesBuildPhase section */

/* Begin PBXSourcesBuildPhase section */
		DB642AB12BB4E43000FF8282 /* Sources */ = {
			isa = PBXSourcesBuildPhase;
			buildActionMask = 2147483647;
			files = (
				DB642ABD2BB4E43000FF8282 /* ViewController.swift in Sources */,
				DB642AB92BB4E43000FF8282 /* AppDelegate.swift in Sources */,
				DB642ABB2BB4E43000FF8282 /* SceneDelegate.swift in Sources */,
			);
			runOnlyForDeploymentPostprocessing = 0;
		};
		DB642AC72BB4E43200FF8282 /* Sources */ = {
			isa = PBXSourcesBuildPhase;
			buildActionMask = 2147483647;
			files = (
				DB642AD02BB4E43200FF8282 /* HW1_Hello_iOSTests.swift in Sources */,
			);
			runOnlyForDeploymentPostprocessing = 0;
		};
		DB642AD12BB4E43200FF8282 /* Sources */ = {
			isa = PBXSourcesBuildPhase;
			buildActionMask = 2147483647;
			files = (
				DB642ADC2BB4E43200FF8282 /* HW1_Hello_iOSUITestsLaunchTests.swift in Sources */,
				DB642ADA2BB4E43200FF8282 /* HW1_Hello_iOSUITests.swift in Sources */,
			);
			runOnlyForDeploymentPostprocessing = 0;
		};
/* End PBXSourcesBuildPhase section */

/* Begin PBXTargetDependency section */
		DB642ACD2BB4E43200FF8282 /* PBXTargetDependency */ = {
			isa = PBXTargetDependency;
			target = DB642AB42BB4E43000FF8282 /* HW1-Hello-iOS */;
			targetProxy = DB642ACC2BB4E43200FF8282 /* PBXContainerItemProxy */;
		};
		DB642AD72BB4E43200FF8282 /* PBXTargetDependency */ = {
			isa = PBXTargetDependency;
			target = DB642AB42BB4E43000FF8282 /* HW1-Hello-iOS */;
			targetProxy = DB642AD62BB4E43200FF8282 /* PBXContainerItemProxy */;
		};
/* End PBXTargetDependency section */

/* Begin PBXVariantGroup section */
		DB642ABE2BB4E43000FF8282 /* Main.storyboard */ = {
			isa = PBXVariantGroup;
			children = (
				DB642ABF2BB4E43000FF8282 /* Base */,
			);
			name = Main.storyboard;
			sourceTree = "<group>";
		};
		DB642AC32BB4E43200FF8282 /* LaunchScreen.storyboard */ = {
			isa = PBXVariantGroup;
			children = (
				DB642AC42BB4E43200FF8282 /* Base */,
			);
			name = LaunchScreen.storyboard;
			sourceTree = "<group>";
		};
/* End PBXVariantGroup section */

/* Begin XCBuildConfiguration section */
		DB642ADD2BB4E43200FF8282 /* Debug */ = {
			isa = XCBuildConfiguration;
			buildSettings = {
				ALWAYS_SEARCH_USER_PATHS = NO;
				ASSETCATALOG_COMPILER_GENERATE_SWIFT_ASSET_SYMBOL_EXTENSIONS = YES;
				CLANG_ANALYZER_NONNULL = YES;
				CLANG_ANALYZER_NUMBER_OBJECT_CONVERSION = YES_AGGRESSIVE;
				CLANG_CXX_LANGUAGE_STANDARD = "gnu++20";
				CLANG_ENABLE_MODULES = YES;
				CLANG_ENABLE_OBJC_ARC = YES;
				CLANG_ENABLE_OBJC_WEAK = YES;
				CLANG_WARN_BLOCK_CAPTURE_AUTORELEASING = YES;
				CLANG_WARN_BOOL_CONVERSION = YES;
				CLANG_WARN_COMMA = YES;
				CLANG_WARN_CONSTANT_CONVERSION = YES;
				CLANG_WARN_DEPRECATED_OBJC_IMPLEMENTATIONS = YES;
				CLANG_WARN_DIRECT_OBJC_ISA_USAGE = YES_ERROR;
				CLANG_WARN_DOCUMENTATION_COMMENTS = YES;
				CLANG_WARN_EMPTY_BODY = YES;
				CLANG_WARN_ENUM_CONVERSION = YES;
				CLANG_WARN_INFINITE_RECURSION = YES;
				CLANG_WARN_INT_CONVERSION = YES;
				CLANG_WARN_NON_LITERAL_NULL_CONVERSION = YES;
				CLANG_WARN_OBJC_IMPLICIT_RETAIN_SELF = YES;
				CLANG_WARN_OBJC_LITERAL_CONVERSION = YES;
				CLANG_WARN_OBJC_ROOT_CLASS = YES_ERROR;
				CLANG_WARN_QUOTED_INCLUDE_IN_FRAMEWORK_HEADER = YES;
				CLANG_WARN_RANGE_LOOP_ANALYSIS = YES;
				CLANG_WARN_STRICT_PROTOTYPES = YES;
				CLANG_WARN_SUSPICIOUS_MOVE = YES;
				CLANG_WARN_UNGUARDED_AVAILABILITY = YES_AGGRESSIVE;
				CLANG_WARN_UNREACHABLE_CODE = YES;
				CLANG_WARN__DUPLICATE_METHOD_MATCH = YES;
				COPY_PHASE_STRIP = NO;
				DEBUG_INFORMATION_FORMAT = dwarf;
				ENABLE_STRICT_OBJC_MSGSEND = YES;
				ENABLE_TESTABILITY = YES;
				ENABLE_USER_SCRIPT_SANDBOXING = YES;
				GCC_C_LANGUAGE_STANDARD = gnu17;
				GCC_DYNAMIC_NO_PIC = NO;
				GCC_NO_COMMON_BLOCKS = YES;
				GCC_OPTIMIZATION_LEVEL = 0;
				GCC_PREPROCESSOR_DEFINITIONS = (
					"DEBUG=1",
					"$(inherited)",
				);
				GCC_WARN_64_TO_32_BIT_CONVERSION = YES;
				GCC_WARN_ABOUT_RETURN_TYPE = YES_ERROR;
				GCC_WARN_UNDECLARED_SELECTOR = YES;
				GCC_WARN_UNINITIALIZED_AUTOS = YES_AGGRESSIVE;
				GCC_WARN_UNUSED_FUNCTION = YES;
				GCC_WARN_UNUSED_VARIABLE = YES;
				IPHONEOS_DEPLOYMENT_TARGET = 17.4;
				LOCALIZATION_PREFERS_STRING_CATALOGS = YES;
				MTL_ENABLE_DEBUG_INFO = INCLUDE_SOURCE;
				MTL_FAST_MATH = YES;
				ONLY_ACTIVE_ARCH = YES;
				SDKROOT = iphoneos;
				SWIFT_ACTIVE_COMPILATION_CONDITIONS = "DEBUG $(inherited)";
				SWIFT_OPTIMIZATION_LEVEL = "-Onone";
			};
			name = Debug;
		};
		DB642ADE2BB4E43200FF8282 /* Release */ = {
			isa = XCBuildConfiguration;
			buildSettings = {
				ALWAYS_SEARCH_USER_PATHS = NO;
				ASSETCATALOG_COMPILER_GENERATE_SWIFT_ASSET_SYMBOL_EXTENSIONS = YES;
				CLANG_ANALYZER_NONNULL = YES;
				CLANG_ANALYZER_NUMBER_OBJECT_CONVERSION = YES_AGGRESSIVE;
				CLANG_CXX_LANGUAGE_STANDARD = "gnu++20";
				CLANG_ENABLE_MODULES = YES;
				CLANG_ENABLE_OBJC_ARC = YES;
				CLANG_ENABLE_OBJC_WEAK = YES;
				CLANG_WARN_BLOCK_CAPTURE_AUTORELEASING = YES;
				CLANG_WARN_BOOL_CONVERSION = YES;
				CLANG_WARN_COMMA = YES;
				CLANG_WARN_CONSTANT_CONVERSION = YES;
				CLANG_WARN_DEPRECATED_OBJC_IMPLEMENTATIONS = YES;
				CLANG_WARN_DIRECT_OBJC_ISA_USAGE = YES_ERROR;
				CLANG_WARN_DOCUMENTATION_COMMENTS = YES;
				CLANG_WARN_EMPTY_BODY = YES;
				CLANG_WARN_ENUM_CONVERSION = YES;
				CLANG_WARN_INFINITE_RECURSION = YES;
				CLANG_WARN_INT_CONVERSION = YES;
				CLANG_WARN_NON_LITERAL_NULL_CONVERSION = YES;
				CLANG_WARN_OBJC_IMPLICIT_RETAIN_SELF = YES;
				CLANG_WARN_OBJC_LITERAL_CONVERSION = YES;
				CLANG_WARN_OBJC_ROOT_CLASS = YES_ERROR;
				CLANG_WARN_QUOTED_INCLUDE_IN_FRAMEWORK_HEADER = YES;
				CLANG_WARN_RANGE_LOOP_ANALYSIS = YES;
				CLANG_WARN_STRICT_PROTOTYPES = YES;
				CLANG_WARN_SUSPICIOUS_MOVE = YES;
				CLANG_WARN_UNGUARDED_AVAILABILITY = YES_AGGRESSIVE;
				CLANG_WARN_UNREACHABLE_CODE = YES;
				CLANG_WARN__DUPLICATE_METHOD_MATCH = YES;
				COPY_PHASE_STRIP = NO;
				DEBUG_INFORMATION_FORMAT = "dwarf-with-dsym";
				ENABLE_NS_ASSERTIONS = NO;
				ENABLE_STRICT_OBJC_MSGSEND = YES;
				ENABLE_USER_SCRIPT_SANDBOXING = YES;
				GCC_C_LANGUAGE_STANDARD = gnu17;
				GCC_NO_COMMON_BLOCKS = YES;
				GCC_WARN_64_TO_32_BIT_CONVERSION = YES;
				GCC_WARN_ABOUT_RETURN_TYPE = YES_ERROR;
				GCC_WARN_UNDECLARED_SELECTOR = YES;
				GCC_WARN_UNINITIALIZED_AUTOS = YES_AGGRESSIVE;
				GCC_WARN_UNUSED_FUNCTION = YES;
				GCC_WARN_UNUSED_VARIABLE = YES;
				IPHONEOS_DEPLOYMENT_TARGET = 17.4;
				LOCALIZATION_PREFERS_STRING_CATALOGS = YES;
				MTL_ENABLE_DEBUG_INFO = NO;
				MTL_FAST_MATH = YES;
				SDKROOT = iphoneos;
				SWIFT_COMPILATION_MODE = wholemodule;
				VALIDATE_PRODUCT = YES;
			};
			name = Release;
		};
		DB642AE02BB4E43200FF8282 /* Debug */ = {
			isa = XCBuildConfiguration;
			buildSettings = {
				ASSETCATALOG_COMPILER_APPICON_NAME = AppIcon;
				ASSETCATALOG_COMPILER_GLOBAL_ACCENT_COLOR_NAME = AccentColor;
				CODE_SIGN_STYLE = Automatic;
				CURRENT_PROJECT_VERSION = 1;
				DEVELOPMENT_TEAM = FV8X8GGK72;
				GENERATE_INFOPLIST_FILE = YES;
				INFOPLIST_FILE = "HW1-Hello-iOS/Info.plist";
				INFOPLIST_KEY_UIApplicationSupportsIndirectInputEvents = YES;
				INFOPLIST_KEY_UILaunchStoryboardName = LaunchScreen;
				INFOPLIST_KEY_UIMainStoryboardFile = Main;
				INFOPLIST_KEY_UISupportedInterfaceOrientations_iPad = "UIInterfaceOrientationPortrait UIInterfaceOrientationPortraitUpsideDown UIInterfaceOrientationLandscapeLeft UIInterfaceOrientationLandscapeRight";
				INFOPLIST_KEY_UISupportedInterfaceOrientations_iPhone = "UIInterfaceOrientationPortrait UIInterfaceOrientationLandscapeLeft UIInterfaceOrientationLandscapeRight";
				LD_RUNPATH_SEARCH_PATHS = (
					"$(inherited)",
					"@executable_path/Frameworks",
				);
				MARKETING_VERSION = 1.0;
				PRODUCT_BUNDLE_IDENTIFIER = "edu.uw.ischool.shiina.projects.HW1-Hello-iOS";
				PRODUCT_NAME = "$(TARGET_NAME)";
				SWIFT_EMIT_LOC_STRINGS = YES;
				SWIFT_VERSION = 5.0;
				TARGETED_DEVICE_FAMILY = "1,2";
			};
			name = Debug;
		};
		DB642AE12BB4E43200FF8282 /* Release */ = {
			isa = XCBuildConfiguration;
			buildSettings = {
				ASSETCATALOG_COMPILER_APPICON_NAME = AppIcon;
				ASSETCATALOG_COMPILER_GLOBAL_ACCENT_COLOR_NAME = AccentColor;
				CODE_SIGN_STYLE = Automatic;
				CURRENT_PROJECT_VERSION = 1;
				DEVELOPMENT_TEAM = FV8X8GGK72;
				GENERATE_INFOPLIST_FILE = YES;
				INFOPLIST_FILE = "HW1-Hello-iOS/Info.plist";
				INFOPLIST_KEY_UIApplicationSupportsIndirectInputEvents = YES;
				INFOPLIST_KEY_UILaunchStoryboardName = LaunchScreen;
				INFOPLIST_KEY_UIMainStoryboardFile = Main;
				INFOPLIST_KEY_UISupportedInterfaceOrientations_iPad = "UIInterfaceOrientationPortrait UIInterfaceOrientationPortraitUpsideDown UIInterfaceOrientationLandscapeLeft UIInterfaceOrientationLandscapeRight";
				INFOPLIST_KEY_UISupportedInterfaceOrientations_iPhone = "UIInterfaceOrientationPortrait UIInterfaceOrientationLandscapeLeft UIInterfaceOrientationLandscapeRight";
				LD_RUNPATH_SEARCH_PATHS = (
					"$(inherited)",
					"@executable_path/Frameworks",
				);
				MARKETING_VERSION = 1.0;
				PRODUCT_BUNDLE_IDENTIFIER = "edu.uw.ischool.shiina.projects.HW1-Hello-iOS";
				PRODUCT_NAME = "$(TARGET_NAME)";
				SWIFT_EMIT_LOC_STRINGS = YES;
				SWIFT_VERSION = 5.0;
				TARGETED_DEVICE_FAMILY = "1,2";
			};
			name = Release;
		};
		DB642AE32BB4E43200FF8282 /* Debug */ = {
			isa = XCBuildConfiguration;
			buildSettings = {
				ALWAYS_EMBED_SWIFT_STANDARD_LIBRARIES = YES;
				BUNDLE_LOADER = "$(TEST_HOST)";
				CODE_SIGN_STYLE = Automatic;
				CURRENT_PROJECT_VERSION = 1;
				DEVELOPMENT_TEAM = FV8X8GGK72;
				GENERATE_INFOPLIST_FILE = YES;
				IPHONEOS_DEPLOYMENT_TARGET = 17.4;
				MARKETING_VERSION = 1.0;
				PRODUCT_BUNDLE_IDENTIFIER = "edu.uw.ischool.shiina.projects.HW1-Hello-iOSTests";
				PRODUCT_NAME = "$(TARGET_NAME)";
				SWIFT_EMIT_LOC_STRINGS = NO;
				SWIFT_VERSION = 5.0;
				TARGETED_DEVICE_FAMILY = "1,2";
				TEST_HOST = "$(BUILT_PRODUCTS_DIR)/HW1-Hello-iOS.app/$(BUNDLE_EXECUTABLE_FOLDER_PATH)/HW1-Hello-iOS";
			};
			name = Debug;
		};
		DB642AE42BB4E43200FF8282 /* Release */ = {
			isa = XCBuildConfiguration;
			buildSettings = {
				ALWAYS_EMBED_SWIFT_STANDARD_LIBRARIES = YES;
				BUNDLE_LOADER = "$(TEST_HOST)";
				CODE_SIGN_STYLE = Automatic;
				CURRENT_PROJECT_VERSION = 1;
				DEVELOPMENT_TEAM = FV8X8GGK72;
				GENERATE_INFOPLIST_FILE = YES;
				IPHONEOS_DEPLOYMENT_TARGET = 17.4;
				MARKETING_VERSION = 1.0;
				PRODUCT_BUNDLE_IDENTIFIER = "edu.uw.ischool.shiina.projects.HW1-Hello-iOSTests";
				PRODUCT_NAME = "$(TARGET_NAME)";
				SWIFT_EMIT_LOC_STRINGS = NO;
				SWIFT_VERSION = 5.0;
				TARGETED_DEVICE_FAMILY = "1,2";
				TEST_HOST = "$(BUILT_PRODUCTS_DIR)/HW1-Hello-iOS.app/$(BUNDLE_EXECUTABLE_FOLDER_PATH)/HW1-Hello-iOS";
			};
			name = Release;
		};
		DB642AE62BB4E43200FF8282 /* Debug */ = {
			isa = XCBuildConfiguration;
			buildSettings = {
				ALWAYS_EMBED_SWIFT_STANDARD_LIBRARIES = YES;
				CODE_SIGN_STYLE = Automatic;
				CURRENT_PROJECT_VERSION = 1;
				DEVELOPMENT_TEAM = FV8X8GGK72;
				GENERATE_INFOPLIST_FILE = YES;
				MARKETING_VERSION = 1.0;
				PRODUCT_BUNDLE_IDENTIFIER = "edu.uw.ischool.shiina.projects.HW1-Hello-iOSUITests";
				PRODUCT_NAME = "$(TARGET_NAME)";
				SWIFT_EMIT_LOC_STRINGS = NO;
				SWIFT_VERSION = 5.0;
				TARGETED_DEVICE_FAMILY = "1,2";
				TEST_TARGET_NAME = "HW1-Hello-iOS";
			};
			name = Debug;
		};
		DB642AE72BB4E43200FF8282 /* Release */ = {
			isa = XCBuildConfiguration;
			buildSettings = {
				ALWAYS_EMBED_SWIFT_STANDARD_LIBRARIES = YES;
				CODE_SIGN_STYLE = Automatic;
				CURRENT_PROJECT_VERSION = 1;
				DEVELOPMENT_TEAM = FV8X8GGK72;
				GENERATE_INFOPLIST_FILE = YES;
				MARKETING_VERSION = 1.0;
				PRODUCT_BUNDLE_IDENTIFIER = "edu.uw.ischool.shiina.projects.HW1-Hello-iOSUITests";
				PRODUCT_NAME = "$(TARGET_NAME)";
				SWIFT_EMIT_LOC_STRINGS = NO;
				SWIFT_VERSION = 5.0;
				TARGETED_DEVICE_FAMILY = "1,2";
				TEST_TARGET_NAME = "HW1-Hello-iOS";
			};
			name = Release;
		};
/* End XCBuildConfiguration section */

/* Begin XCConfigurationList section */
		DB642AB02BB4E43000FF8282 /* Build configuration list for PBXProject "HW1-Hello-iOS" */ = {
			isa = XCConfigurationList;
			buildConfigurations = (
				DB642ADD2BB4E43200FF8282 /* Debug */,
				DB642ADE2BB4E43200FF8282 /* Release */,
			);
			defaultConfigurationIsVisible = 0;
			defaultConfigurationName = Release;
		};
		DB642ADF2BB4E43200FF8282 /* Build configuration list for PBXNativeTarget "HW1-Hello-iOS" */ = {
			isa = XCConfigurationList;
			buildConfigurations = (
				DB642AE02BB4E43200FF8282 /* Debug */,
				DB642AE12BB4E43200FF8282 /* Release */,
			);
			defaultConfigurationIsVisible = 0;
			defaultConfigurationName = Release;
		};
		DB642AE22BB4E43200FF8282 /* Build configuration list for PBXNativeTarget "HW1-Hello-iOSTests" */ = {
			isa = XCConfigurationList;
			buildConfigurations = (
				DB642AE32BB4E43200FF8282 /* Debug */,
				DB642AE42BB4E43200FF8282 /* Release */,
			);
			defaultConfigurationIsVisible = 0;
			defaultConfigurationName = Release;
		};
		DB642AE52BB4E43200FF8282 /* Build configuration list for PBXNativeTarget "HW1-Hello-iOSUITests" */ = {
			isa = XCConfigurationList;
			buildConfigurations = (
				DB642AE62BB4E43200FF8282 /* Debug */,
				DB642AE72BB4E43200FF8282 /* Release */,
			);
			defaultConfigurationIsVisible = 0;
			defaultConfigurationName = Release;
		};
/* End XCConfigurationList section */
	};
	rootObject = DB642AAD2BB4E43000FF8282 /* Project object */;
}
